{
  "name": "miditofactorio",
  "version": "1.0.0",
  "lockfileVersion": 2,
  "requires": true,
  "packages": {
    "": {
      "name": "miditofactorio",
      "version": "1.0.0",
      "license": "ISC",
      "dependencies": {
        "midi-file": "^1.2.2",
        "pako": "^2.0.4",
        "zlib": "^1.0.5"
      }
    },
    "node_modules/midi-file": {
      "version": "1.2.2",
      "resolved": "https://registry.npmjs.org/midi-file/-/midi-file-1.2.2.tgz",
      "integrity": "sha512-y737hkfHxMikRGzBM22wtyFCo8Pt0jFFiNv7blxY6XF0Rugt8DDE97QzQ0DbJpDd8MyuT6m0ziW1rTStFNrLHw=="
    },
    "node_modules/pako": {
      "version": "2.0.4",
      "resolved": "https://registry.npmjs.org/pako/-/pako-2.0.4.tgz",
      "integrity": "sha512-v8tweI900AUkZN6heMU/4Uy4cXRc2AYNRggVmTR+dEncawDJgCdLMximOVA2p4qO57WMynangsfGRb5WD6L1Bg=="
    },
    "node_modules/zlib": {
      "version": "1.0.5",
      "resolved": "https://registry.npmjs.org/zlib/-/zlib-1.0.5.tgz",
      "integrity": "sha1-bnyXL8NxxkWmr7A6sUdp3vEU/MA=",
      "hasInstallScript": true,
      "engines": {
        "node": ">=0.2.0"
      }
    }
  },
  "dependencies": {
    "midi-file": {
      "version": "1.2.2",
      "resolved": "https://registry.npmjs.org/midi-file/-/midi-file-1.2.2.tgz",
      "integrity": "sha512-y737hkfHxMikRGzBM22wtyFCo8Pt0jFFiNv7blxY6XF0Rugt8DDE97QzQ0DbJpDd8MyuT6m0ziW1rTStFNrLHw=="
    },
    "pako": {
      "version": "2.0.4",
      "resolved": "https://registry.npmjs.org/pako/-/pako-2.0.4.tgz",
      "integrity": "sha512-v8tweI900AUkZN6heMU/4Uy4cXRc2AYNRggVmTR+dEncawDJgCdLMximOVA2p4qO57WMynangsfGRb5WD6L1Bg=="
    },
    "zlib": {
      "version": "1.0.5",
      "resolved": "https://registry.npmjs.org/zlib/-/zlib-1.0.5.tgz",
      "integrity": "sha1-bnyXL8NxxkWmr7A6sUdp3vEU/MA="
    }
  }
}
